
Microsoft Visual Studio Solution File, Format Version 12.00
# Visual Studio 15
VisualStudioVersion = 15.0.26730.12
MinimumVisualStudioVersion = 10.0.40219.1
Project("{8BC9CEB8-8B4A-11D0-8D11-00A0C91BC942}") = "audioIO", "audioIO\audioIO.vcxproj", "{C4A1C4A9-1308-45ED-9377-551141D6E565}"
EndProject
Project("{8BC9CEB8-8B4A-11D0-8D11-00A0C91BC942}") = "Audapter", "TransShiftMex\TransShiftMex.vcxproj", "{DB1F1AE4-86D6-4A22-92E9-7E6BC096D723}"
EndProject
Global
	GlobalSection(SolutionConfigurationPlatforms) = preSolution
		Debug_BU_STALKER|Win32 = Debug_BU_STALKER|Win32
		Debug_BU_STALKER|x64 = Debug_BU_STALKER|x64
		Debug_CNS-PC34|Win32 = Debug_CNS-PC34|Win32
		Debug_CNS-PC34|x64 = Debug_CNS-PC34|x64
		Debug_NWU|Win32 = Debug_NWU|Win32
		Debug_NWU|x64 = Debug_NWU|x64
		DEBUG_UCh|Win32 = DEBUG_UCh|Win32
		DEBUG_UCh|x64 = DEBUG_UCh|x64
		Debug_UIUC|Win32 = Debug_UIUC|Win32
		Debug_UIUC|x64 = Debug_UIUC|x64
		Debug_USyd|Win32 = Debug_USyd|Win32
		Debug_USyd|x64 = Debug_USyd|x64
		Debug|Win32 = Debug|Win32
		Debug|x64 = Debug|x64
		Release float SSE|Win32 = Release float SSE|Win32
		Release float SSE|x64 = Release float SSE|x64
		Release float|Win32 = Release float|Win32
		Release float|x64 = Release float|x64
		Release SSE2|Win32 = Release SSE2|Win32
		Release SSE2|x64 = Release SSE2|x64
		Release_BU_STALKER|Win32 = Release_BU_STALKER|Win32
		Release_BU_STALKER|x64 = Release_BU_STALKER|x64
		Release_CNS-PC34|Win32 = Release_CNS-PC34|Win32
		Release_CNS-PC34|x64 = Release_CNS-PC34|x64
		Release_NWU|Win32 = Release_NWU|Win32
		Release_NWU|x64 = Release_NWU|x64
		Release_UCh|Win32 = Release_UCh|Win32
		Release_UCh|x64 = Release_UCh|x64
		Release_UIUC|Win32 = Release_UIUC|Win32
		Release_UIUC|x64 = Release_UIUC|x64
		Release_USyd|Win32 = Release_USyd|Win32
		Release_USyd|x64 = Release_USyd|x64
		Release|Win32 = Release|Win32
		Release|x64 = Release|x64
		Rlease_CNS-PC34|Win32 = Rlease_CNS-PC34|Win32
		Rlease_CNS-PC34|x64 = Rlease_CNS-PC34|x64
	EndGlobalSection
	GlobalSection(ProjectConfigurationPlatforms) = postSolution
		{C4A1C4A9-1308-45ED-9377-551141D6E565}.Debug_BU_STALKER|Win32.ActiveCfg = Debug_BU_STALKER|Win32
		{C4A1C4A9-1308-45ED-9377-551141D6E565}.Debug_BU_STALKER|Win32.Build.0 = Debug_BU_STALKER|Win32
		{C4A1C4A9-1308-45ED-9377-551141D6E565}.Debug_BU_STALKER|x64.ActiveCfg = Debug_BU_STALKER|Win32
		{C4A1C4A9-1308-45ED-9377-551141D6E565}.Debug_CNS-PC34|Win32.ActiveCfg = Debug_CNS-PC34|Win32
		{C4A1C4A9-1308-45ED-9377-551141D6E565}.Debug_CNS-PC34|Win32.Build.0 = Debug_CNS-PC34|Win32
		{C4A1C4A9-1308-45ED-9377-551141D6E565}.Debug_CNS-PC34|x64.ActiveCfg = Debug_CNS-PC34|Win32
		{C4A1C4A9-1308-45ED-9377-551141D6E565}.Debug_NWU|Win32.ActiveCfg = Debug_NWU|Win32
		{C4A1C4A9-1308-45ED-9377-551141D6E565}.Debug_NWU|Win32.Build.0 = Debug_NWU|Win32
		{C4A1C4A9-1308-45ED-9377-551141D6E565}.Debug_NWU|x64.ActiveCfg = Debug_NWU|Win32
		{C4A1C4A9-1308-45ED-9377-551141D6E565}.DEBUG_UCh|Win32.ActiveCfg = DEBUG_UCh|Win32
		{C4A1C4A9-1308-45ED-9377-551141D6E565}.DEBUG_UCh|Win32.Build.0 = DEBUG_UCh|Win32
		{C4A1C4A9-1308-45ED-9377-551141D6E565}.DEBUG_UCh|x64.ActiveCfg = DEBUG_UCh|Win32
		{C4A1C4A9-1308-45ED-9377-551141D6E565}.Debug_UIUC|Win32.ActiveCfg = Debug_UIUC|Win32
		{C4A1C4A9-1308-45ED-9377-551141D6E565}.Debug_UIUC|Win32.Build.0 = Debug_UIUC|Win32
		{C4A1C4A9-1308-45ED-9377-551141D6E565}.Debug_UIUC|x64.ActiveCfg = Debug_UIUC|Win32
		{C4A1C4A9-1308-45ED-9377-551141D6E565}.Debug_USyd|Win32.ActiveCfg = Debug_USyd|Win32
		{C4A1C4A9-1308-45ED-9377-551141D6E565}.Debug_USyd|Win32.Build.0 = Debug_USyd|Win32
		{C4A1C4A9-1308-45ED-9377-551141D6E565}.Debug_USyd|x64.ActiveCfg = Debug_USyd|x64
		{C4A1C4A9-1308-45ED-9377-551141D6E565}.Debug_USyd|x64.Build.0 = Debug_USyd|x64
		{C4A1C4A9-1308-45ED-9377-551141D6E565}.Debug|Win32.ActiveCfg = Debug|Win32
		{C4A1C4A9-1308-45ED-9377-551141D6E565}.Debug|Win32.Build.0 = Debug|Win32
		{C4A1C4A9-1308-45ED-9377-551141D6E565}.Debug|x64.ActiveCfg = Debug|x64
		{C4A1C4A9-1308-45ED-9377-551141D6E565}.Debug|x64.Build.0 = Debug|x64
		{C4A1C4A9-1308-45ED-9377-551141D6E565}.Release float SSE|Win32.ActiveCfg = Release|Win32
		{C4A1C4A9-1308-45ED-9377-551141D6E565}.Release float SSE|Win32.Build.0 = Release|Win32
		{C4A1C4A9-1308-45ED-9377-551141D6E565}.Release float SSE|x64.ActiveCfg = Release|Win32
		{C4A1C4A9-1308-45ED-9377-551141D6E565}.Release float|Win32.ActiveCfg = Release|Win32
		{C4A1C4A9-1308-45ED-9377-551141D6E565}.Release float|Win32.Build.0 = Release|Win32
		{C4A1C4A9-1308-45ED-9377-551141D6E565}.Release float|x64.ActiveCfg = Release|Win32
		{C4A1C4A9-1308-45ED-9377-551141D6E565}.Release SSE2|Win32.ActiveCfg = Release|Win32
		{C4A1C4A9-1308-45ED-9377-551141D6E565}.Release SSE2|Win32.Build.0 = Release|Win32
		{C4A1C4A9-1308-45ED-9377-551141D6E565}.Release SSE2|x64.ActiveCfg = Release|Win32
		{C4A1C4A9-1308-45ED-9377-551141D6E565}.Release_BU_STALKER|Win32.ActiveCfg = Release_BU_STALKER|Win32
		{C4A1C4A9-1308-45ED-9377-551141D6E565}.Release_BU_STALKER|Win32.Build.0 = Release_BU_STALKER|Win32
		{C4A1C4A9-1308-45ED-9377-551141D6E565}.Release_BU_STALKER|x64.ActiveCfg = Release_BU_STALKER|Win32
		{C4A1C4A9-1308-45ED-9377-551141D6E565}.Release_CNS-PC34|Win32.ActiveCfg = Release_CNS-PC34|Win32
		{C4A1C4A9-1308-45ED-9377-551141D6E565}.Release_CNS-PC34|Win32.Build.0 = Release_CNS-PC34|Win32
		{C4A1C4A9-1308-45ED-9377-551141D6E565}.Release_CNS-PC34|x64.ActiveCfg = Release_CNS-PC34|Win32
		{C4A1C4A9-1308-45ED-9377-551141D6E565}.Release_NWU|Win32.ActiveCfg = Release_NWU|Win32
		{C4A1C4A9-1308-45ED-9377-551141D6E565}.Release_NWU|Win32.Build.0 = Release_NWU|Win32
		{C4A1C4A9-1308-45ED-9377-551141D6E565}.Release_NWU|x64.ActiveCfg = Release_NWU|Win32
		{C4A1C4A9-1308-45ED-9377-551141D6E565}.Release_UCh|Win32.ActiveCfg = Release_UCh|Win32
		{C4A1C4A9-1308-45ED-9377-551141D6E565}.Release_UCh|Win32.Build.0 = Release_UCh|Win32
		{C4A1C4A9-1308-45ED-9377-551141D6E565}.Release_UCh|x64.ActiveCfg = Release_UCh|Win32
		{C4A1C4A9-1308-45ED-9377-551141D6E565}.Release_UIUC|Win32.ActiveCfg = Release_UIUC|Win32
		{C4A1C4A9-1308-45ED-9377-551141D6E565}.Release_UIUC|Win32.Build.0 = Release_UIUC|Win32
		{C4A1C4A9-1308-45ED-9377-551141D6E565}.Release_UIUC|x64.ActiveCfg = Release_UIUC|Win32
		{C4A1C4A9-1308-45ED-9377-551141D6E565}.Release_USyd|Win32.ActiveCfg = Release_USyd|Win32
		{C4A1C4A9-1308-45ED-9377-551141D6E565}.Release_USyd|x64.ActiveCfg = Release_USyd|x64
		{C4A1C4A9-1308-45ED-9377-551141D6E565}.Release_USyd|x64.Build.0 = Release_USyd|x64
		{C4A1C4A9-1308-45ED-9377-551141D6E565}.Release|Win32.ActiveCfg = Release|Win32
		{C4A1C4A9-1308-45ED-9377-551141D6E565}.Release|Win32.Build.0 = Release|Win32
		{C4A1C4A9-1308-45ED-9377-551141D6E565}.Release|x64.ActiveCfg = Release|x64
		{C4A1C4A9-1308-45ED-9377-551141D6E565}.Release|x64.Build.0 = Release|x64
		{C4A1C4A9-1308-45ED-9377-551141D6E565}.Rlease_CNS-PC34|Win32.ActiveCfg = Rlease_CNS-PC34|Win32
		{C4A1C4A9-1308-45ED-9377-551141D6E565}.Rlease_CNS-PC34|Win32.Build.0 = Rlease_CNS-PC34|Win32
		{C4A1C4A9-1308-45ED-9377-551141D6E565}.Rlease_CNS-PC34|x64.ActiveCfg = Rlease_CNS-PC34|Win32
		{DB1F1AE4-86D6-4A22-92E9-7E6BC096D723}.Debug_BU_STALKER|Win32.ActiveCfg = Debug_BU_STALKER|Win32
		{DB1F1AE4-86D6-4A22-92E9-7E6BC096D723}.Debug_BU_STALKER|Win32.Build.0 = Debug_BU_STALKER|Win32
		{DB1F1AE4-86D6-4A22-92E9-7E6BC096D723}.Debug_BU_STALKER|x64.ActiveCfg = Debug_BU_STALKER|Win32
		{DB1F1AE4-86D6-4A22-92E9-7E6BC096D723}.Debug_CNS-PC34|Win32.ActiveCfg = Debug_CNS-PC34|Win32
		{DB1F1AE4-86D6-4A22-92E9-7E6BC096D723}.Debug_CNS-PC34|Win32.Build.0 = Debug_CNS-PC34|Win32
		{DB1F1AE4-86D6-4A22-92E9-7E6BC096D723}.Debug_CNS-PC34|x64.ActiveCfg = Debug_CNS-PC34|Win32
		{DB1F1AE4-86D6-4A22-92E9-7E6BC096D723}.Debug_NWU|Win32.ActiveCfg = Debug_NWU|Win32
		{DB1F1AE4-86D6-4A22-92E9-7E6BC096D723}.Debug_NWU|Win32.Build.0 = Debug_NWU|Win32
		{DB1F1AE4-86D6-4A22-92E9-7E6BC096D723}.Debug_NWU|x64.ActiveCfg = Debug_NWU|Win32
		{DB1F1AE4-86D6-4A22-92E9-7E6BC096D723}.DEBUG_UCh|Win32.ActiveCfg = DEBUG_UCh|Win32
		{DB1F1AE4-86D6-4A22-92E9-7E6BC096D723}.DEBUG_UCh|Win32.Build.0 = DEBUG_UCh|Win32
		{DB1F1AE4-86D6-4A22-92E9-7E6BC096D723}.DEBUG_UCh|x64.ActiveCfg = DEBUG_UCh|Win32
		{DB1F1AE4-86D6-4A22-92E9-7E6BC096D723}.Debug_UIUC|Win32.ActiveCfg = Debug_UIUC|Win32
		{DB1F1AE4-86D6-4A22-92E9-7E6BC096D723}.Debug_UIUC|Win32.Build.0 = Debug_UIUC|Win32
		{DB1F1AE4-86D6-4A22-92E9-7E6BC096D723}.Debug_UIUC|x64.ActiveCfg = Debug_UIUC|Win32
		{DB1F1AE4-86D6-4A22-92E9-7E6BC096D723}.Debug_USyd|Win32.ActiveCfg = Debug_USyd|Win32
		{DB1F1AE4-86D6-4A22-92E9-7E6BC096D723}.Debug_USyd|Win32.Build.0 = Debug_USyd|Win32
		{DB1F1AE4-86D6-4A22-92E9-7E6BC096D723}.Debug_USyd|x64.ActiveCfg = Debug_USyd|x64
		{DB1F1AE4-86D6-4A22-92E9-7E6BC096D723}.Debug_USyd|x64.Build.0 = Debug_USyd|x64
		{DB1F1AE4-86D6-4A22-92E9-7E6BC096D723}.Debug|Win32.ActiveCfg = Debug|Win32
		{DB1F1AE4-86D6-4A22-92E9-7E6BC096D723}.Debug|Win32.Build.0 = Debug|Win32
		{DB1F1AE4-86D6-4A22-92E9-7E6BC096D723}.Debug|x64.ActiveCfg = Debug|x64
		{DB1F1AE4-86D6-4A22-92E9-7E6BC096D723}.Debug|x64.Build.0 = Debug|x64
		{DB1F1AE4-86D6-4A22-92E9-7E6BC096D723}.Release float SSE|Win32.ActiveCfg = Release|Win32
		{DB1F1AE4-86D6-4A22-92E9-7E6BC096D723}.Release float SSE|Win32.Build.0 = Release|Win32
		{DB1F1AE4-86D6-4A22-92E9-7E6BC096D723}.Release float SSE|x64.ActiveCfg = Release|Win32
		{DB1F1AE4-86D6-4A22-92E9-7E6BC096D723}.Release float|Win32.ActiveCfg = Release|Win32
		{DB1F1AE4-86D6-4A22-92E9-7E6BC096D723}.Release float|Win32.Build.0 = Release|Win32
		{DB1F1AE4-86D6-4A22-92E9-7E6BC096D723}.Release float|x64.ActiveCfg = Release|Win32
		{DB1F1AE4-86D6-4A22-92E9-7E6BC096D723}.Release SSE2|Win32.ActiveCfg = Release|Win32
		{DB1F1AE4-86D6-4A22-92E9-7E6BC096D723}.Release SSE2|Win32.Build.0 = Release|Win32
		{DB1F1AE4-86D6-4A22-92E9-7E6BC096D723}.Release SSE2|x64.ActiveCfg = Release|Win32
		{DB1F1AE4-86D6-4A22-92E9-7E6BC096D723}.Release_BU_STALKER|Win32.ActiveCfg = Release_BU_STALKER|Win32
		{DB1F1AE4-86D6-4A22-92E9-7E6BC096D723}.Release_BU_STALKER|Win32.Build.0 = Release_BU_STALKER|Win32
		{DB1F1AE4-86D6-4A22-92E9-7E6BC096D723}.Release_BU_STALKER|x64.ActiveCfg = Release_BU_STALKER|Win32
		{DB1F1AE4-86D6-4A22-92E9-7E6BC096D723}.Release_CNS-PC34|Win32.ActiveCfg = Release_CNS-PC34|Win32
		{DB1F1AE4-86D6-4A22-92E9-7E6BC096D723}.Release_CNS-PC34|Win32.Build.0 = Release_CNS-PC34|Win32
		{DB1F1AE4-86D6-4A22-92E9-7E6BC096D723}.Release_CNS-PC34|x64.ActiveCfg = Release_CNS-PC34|Win32
		{DB1F1AE4-86D6-4A22-92E9-7E6BC096D723}.Release_NWU|Win32.ActiveCfg = Release_NWU|Win32
		{DB1F1AE4-86D6-4A22-92E9-7E6BC096D723}.Release_NWU|Win32.Build.0 = Release_NWU|Win32
		{DB1F1AE4-86D6-4A22-92E9-7E6BC096D723}.Release_NWU|x64.ActiveCfg = Release_NWU|Win32
		{DB1F1AE4-86D6-4A22-92E9-7E6BC096D723}.Release_UCh|Win32.ActiveCfg = Release_UCh|Win32
		{DB1F1AE4-86D6-4A22-92E9-7E6BC096D723}.Release_UCh|Win32.Build.0 = Release_UCh|Win32
		{DB1F1AE4-86D6-4A22-92E9-7E6BC096D723}.Release_UCh|x64.ActiveCfg = Release_UCh|Win32
		{DB1F1AE4-86D6-4A22-92E9-7E6BC096D723}.Release_UIUC|Win32.ActiveCfg = Release_UIUC|Win32
		{DB1F1AE4-86D6-4A22-92E9-7E6BC096D723}.Release_UIUC|Win32.Build.0 = Release_UIUC|Win32
		{DB1F1AE4-86D6-4A22-92E9-7E6BC096D723}.Release_UIUC|x64.ActiveCfg = Release_UIUC|Win32
		{DB1F1AE4-86D6-4A22-92E9-7E6BC096D723}.Release_USyd|Win32.ActiveCfg = Release_USyd|Win32
		{DB1F1AE4-86D6-4A22-92E9-7E6BC096D723}.Release_USyd|x64.ActiveCfg = Release_USyd|x64
		{DB1F1AE4-86D6-4A22-92E9-7E6BC096D723}.Release_USyd|x64.Build.0 = Release_USyd|x64
		{DB1F1AE4-86D6-4A22-92E9-7E6BC096D723}.Release|Win32.ActiveCfg = Release|Win32
		{DB1F1AE4-86D6-4A22-92E9-7E6BC096D723}.Release|Win32.Build.0 = Release|Win32
		{DB1F1AE4-86D6-4A22-92E9-7E6BC096D723}.Release|x64.ActiveCfg = Release|x64
		{DB1F1AE4-86D6-4A22-92E9-7E6BC096D723}.Release|x64.Build.0 = Release|x64
		{DB1F1AE4-86D6-4A22-92E9-7E6BC096D723}.Rlease_CNS-PC34|Win32.ActiveCfg = Rlease_CNS-PC34|Win32
		{DB1F1AE4-86D6-4A22-92E9-7E6BC096D723}.Rlease_CNS-PC34|Win32.Build.0 = Rlease_CNS-PC34|Win32
		{DB1F1AE4-86D6-4A22-92E9-7E6BC096D723}.Rlease_CNS-PC34|x64.ActiveCfg = Rlease_CNS-PC34|Win32
	EndGlobalSection
	GlobalSection(SolutionProperties) = preSolution
		HideSolutionNode = FALSE
	EndGlobalSection
	GlobalSection(ExtensibilityGlobals) = postSolution
		SolutionGuid = {BE0E5D63-325E-4257-9642-15C1DEA06D5F}
	EndGlobalSection
EndGlobal
